
Microsoft Visual Studio Solution File, Format Version 12.00
# Visual Studio Version 17
VisualStudioVersion = 17.10.35122.118
MinimumVisualStudioVersion = 10.0.40219.1
Project("{FAE04EC0-301F-11D3-BF4B-00C04F79EFBC}") = "TestAngularApp.Server", "TestAngularApp.Server\TestAngularApp.Server.csproj", "{64EE1B6E-29F1-41EE-8017-12596650B149}"
EndProject
Project("{54A90642-561A-4BB1-A94E-469ADEE60C69}") = "testangularapp.client", "testangularapp.client\testangularapp.client.esproj", "{083737FF-2E75-449F-8812-9058C170C0E4}"
EndProject
Global
	GlobalSection(SolutionConfigurationPlatforms) = preSolution
		Debug|Any CPU = Debug|Any CPU
		Release|Any CPU = Release|Any CPU
	EndGlobalSection
	GlobalSection(ProjectConfigurationPlatforms) = postSolution
		{64EE1B6E-29F1-41EE-8017-12596650B149}.Debug|Any CPU.ActiveCfg = Debug|Any CPU
		{64EE1B6E-29F1-41EE-8017-12596650B149}.Debug|Any CPU.Build.0 = Debug|Any CPU
		{64EE1B6E-29F1-41EE-8017-12596650B149}.Release|Any CPU.ActiveCfg = Release|Any CPU
		{64EE1B6E-29F1-41EE-8017-12596650B149}.Release|Any CPU.Build.0 = Release|Any CPU
		{083737FF-2E75-449F-8812-9058C170C0E4}.Debug|Any CPU.ActiveCfg = Debug|Any CPU
		{083737FF-2E75-449F-8812-9058C170C0E4}.Debug|Any CPU.Build.0 = Debug|Any CPU
		{083737FF-2E75-449F-8812-9058C170C0E4}.Debug|Any CPU.Deploy.0 = Debug|Any CPU
		{083737FF-2E75-449F-8812-9058C170C0E4}.Release|Any CPU.ActiveCfg = Release|Any CPU
		{083737FF-2E75-449F-8812-9058C170C0E4}.Release|Any CPU.Build.0 = Release|Any CPU
		{083737FF-2E75-449F-8812-9058C170C0E4}.Release|Any CPU.Deploy.0 = Release|Any CPU
	EndGlobalSection
	GlobalSection(SolutionProperties) = preSolution
		HideSolutionNode = FALSE
	EndGlobalSection
	GlobalSection(ExtensibilityGlobals) = postSolution
		SolutionGuid = {266655FC-7E0B-4B13-A3CD-FF6E3D66E11F}
	EndGlobalSection
EndGlobal
